github.com/ebitengine/purego v0.10.2 h1:W809HbnvzAxgdm+aOvlSekrM16wGCdT/e76+9tS7gzE=
github.com/ebitengine/purego v0.10.2/go.mod h1:iIjxzd6CiRiOG0UyXP+V1+jWqUXVjPKLAI0mRfJZTmQ=
github.com/go-macos/objc v0.9.1 h1:GGBoj8aMijBCYNPjGAYS4neeA3lWa8/JEIF1K5GswDo=
github.com/go-macos/objc v0.9.1/go.mod h1:00GJyieLzPcb65rPLVWNPPUCVm79nmmiEXUDsslRpOs=
